# This file was autogenerated by Stack.
# You should not edit this file by hand.
# For more information, please see the documentation at:
#   https://docs.haskellstack.org/en/stable/lock_files

packages:
- completed:
    hackage: alex-3.2.7.1@sha256:ab26a38cefae59403f746370e5a0c943b8d5bda098eb83f37052b2429ee780ce,3911
    pantry-tree:
      size: 4880
      sha256: 56cc4bae15df1a6370f2d6fed6726937e3b2df1c6eba1e8be6a2bf3fe7c75310
  original:
    hackage: alex-3.2.7.1@sha256:ab26a38cefae59403f746370e5a0c943b8d5bda098eb83f37052b2429ee780ce,3911
- completed:
    hackage: happy-1.20.0@sha256:f99e612b29d68d784d7e193943a13466f0923de69452a2585081491efed0436b,5709
    pantry-tree:
      size: 8749
      sha256: a90122967031e2feb99adbbacf57ddf8627a7c0444720402513d3f11ec7f990a
  original:
    hackage: happy-1.20.0@sha256:f99e612b29d68d784d7e193943a13466f0923de69452a2585081491efed0436b,5709
snapshots: []
